
Microsoft Visual Studio Solution File, Format Version 12.00
# Visual Studio Version 17
VisualStudioVersion = 17.9.34622.214
MinimumVisualStudioVersion = 10.0.40219.1
Project("{FAE04EC0-301F-11D3-BF4B-00C04F79EFBC}") = "WinFormsApp1", "WinFormsApp1\WinFormsApp1.csproj", "{F72F4E91-24D0-441F-87C8-F7D3F251D33A}"
EndProject
Global
	GlobalSection(SolutionConfigurationPlatforms) = preSolution
		Debug|Any CPU = Debug|Any CPU
		Release|Any CPU = Release|Any CPU
	EndGlobalSection
	GlobalSection(ProjectConfigurationPlatforms) = postSolution
		{F72F4E91-24D0-441F-87C8-F7D3F251D33A}.Debug|Any CPU.ActiveCfg = Debug|Any CPU
		{F72F4E91-24D0-441F-87C8-F7D3F251D33A}.Debug|Any CPU.Build.0 = Debug|Any CPU
		{F72F4E91-24D0-441F-87C8-F7D3F251D33A}.Release|Any CPU.ActiveCfg = Release|Any CPU
		{F72F4E91-24D0-441F-87C8-F7D3F251D33A}.Release|Any CPU.Build.0 = Release|Any CPU
	EndGlobalSection
	GlobalSection(SolutionProperties) = preSolution
		HideSolutionNode = FALSE
	EndGlobalSection
	GlobalSection(ExtensibilityGlobals) = postSolution
		SolutionGuid = {DE914C59-0188-4565-A2F2-3EA9C416F1A4}
	EndGlobalSection
EndGlobal
