
Microsoft Visual Studio Solution File, Format Version 12.00
# Visual Studio Version 17
VisualStudioVersion = 17.9.34622.214
MinimumVisualStudioVersion = 10.0.40219.1
Project("{FAE04EC0-301F-11D3-BF4B-00C04F79EFBC}") = "OrderManagementSystem", "OrderManagementSystem\OrderManagementSystem.csproj", "{5A96AE9F-66F1-483C-92E5-A5A8ACEC129B}"
EndProject
Global
	GlobalSection(SolutionConfigurationPlatforms) = preSolution
		Debug|Any CPU = Debug|Any CPU
		Release|Any CPU = Release|Any CPU
	EndGlobalSection
	GlobalSection(ProjectConfigurationPlatforms) = postSolution
		{5A96AE9F-66F1-483C-92E5-A5A8ACEC129B}.Debug|Any CPU.ActiveCfg = Debug|Any CPU
		{5A96AE9F-66F1-483C-92E5-A5A8ACEC129B}.Debug|Any CPU.Build.0 = Debug|Any CPU
		{5A96AE9F-66F1-483C-92E5-A5A8ACEC129B}.Release|Any CPU.ActiveCfg = Release|Any CPU
		{5A96AE9F-66F1-483C-92E5-A5A8ACEC129B}.Release|Any CPU.Build.0 = Release|Any CPU
	EndGlobalSection
	GlobalSection(SolutionProperties) = preSolution
		HideSolutionNode = FALSE
	EndGlobalSection
	GlobalSection(ExtensibilityGlobals) = postSolution
		SolutionGuid = {595BA29B-245B-46FB-8B11-13D48EE6C89A}
	EndGlobalSection
EndGlobal
